<?xml version="1.0" encoding="UTF-8"?>
<Scheme
   LastUpgradeVersion = "1610"
   version = "1.7">
   <BuildAction
      parallelizeBuildables = "YES"
      buildImplicitDependencies = "YES"
      buildArchitectures = "Automatic">
      <BuildActionEntries>
         <BuildActionEntry
            buildForTesting = "YES"
            buildForRunning = "YES"
            buildForProfiling = "YES"
            buildForArchiving = "YES"
            buildForAnalyzing = "YES">
            <BuildableReference
               BuildableIdentifier = "primary"
               BlueprintIdentifier = "Generator"
               BuildableName = "Generator"
               BlueprintName = "Generator"
               ReferencedContainer = "container:">
            </BuildableReference>
         </BuildActionEntry>
      </BuildActionEntries>
   </BuildAction>
   <TestAction
      buildConfiguration = "Debug"
      selectedDebuggerIdentifier = "Xcode.DebuggerFoundation.Debugger.LLDB"
      selectedLauncherIdentifier = "Xcode.DebuggerFoundation.Launcher.LLDB"
      shouldUseLaunchSchemeArgsEnv = "YES"
      shouldAutocreateTestPlan = "YES">
   </TestAction>
   <LaunchAction
      buildConfiguration = "Debug"
      selectedDebuggerIdentifier = "Xcode.DebuggerFoundation.Debugger.LLDB"
      selectedLauncherIdentifier = "Xcode.DebuggerFoundation.Launcher.LLDB"
      launchStyle = "0"
      useCustomWorkingDirectory = "NO"
      ignoresPersistentStateOnLaunch = "NO"
      debugDocumentVersioning = "YES"
      debugServiceExtension = "internal"
      allowLocationSimulation = "YES">
      <BuildableProductRunnable
         runnableDebuggingMode = "0">
         <BuildableReference
            BuildableIdentifier = "primary"
            BlueprintIdentifier = "Generator"
            BuildableName = "Generator"
            BlueprintName = "Generator"
            ReferencedContainer = "container:">
         </BuildableReference>
      </BuildableProductRunnable>
      <CommandLineArguments>
         <CommandLineArgument
            argument = "/Volumes/CodeSSD/PythonSwiftGithub/PyCoreBluetooth/Sources/PyCoreBluetooth/PyCoreBluetooth.swift"
            isEnabled = "NO">
         </CommandLineArgument>
         <CommandLineArgument
            argument = "/Volumes/CodeSSD/PythonSwiftGithub/PyCoreBluetooth/Sources/PyCoreBluetooth/PyCBPeripheralCallback.swift"
            isEnabled = "NO">
         </CommandLineArgument>
         <CommandLineArgument
            argument = "/Volumes/CodeSSD/PythonSwiftGithub/PyCoreBluetooth/Sources/PyCoreBluetooth/PyCBCentralManager.swift"
            isEnabled = "NO">
         </CommandLineArgument>
         <CommandLineArgument
            argument = "/Volumes/CodeSSD/PythonSwiftGithub/PyCoreBluetooth/Sources/PyCoreBluetooth/CBCentralManagerCallback.swift"
            isEnabled = "NO">
         </CommandLineArgument>
         <CommandLineArgument
            argument = "/Volumes/CodeSSD/PythonSwiftGithub/PyCoreBluetooth/Sources/PyCoreBluetooth/CoreBluetoothExtensions/CBPeripheral.swift"
            isEnabled = "NO">
         </CommandLineArgument>
         <CommandLineArgument
            argument = "/Volumes/CodeSSD/PythonSwiftGithub/PyCoreBluetooth/Sources/PyCoreBluetooth/CoreBluetoothExtensions/CBUUID.swift"
            isEnabled = "NO">
         </CommandLineArgument>
         <CommandLineArgument
            argument = "/Volumes/CodeSSD/PythonSwiftGithub/PyCoreBluetooth/Sources/PyCoreBluetooth/CoreBluetoothExtensions/CBCharacteristic.swift"
            isEnabled = "NO">
         </CommandLineArgument>
         <CommandLineArgument
            argument = "/Volumes/CodeSSD/PythonSwiftGithub/PyCoreBluetooth/Sources/PyCoreBluetooth/CoreBluetoothExtensions/CBDescriptor.swift"
            isEnabled = "NO">
         </CommandLineArgument>
         <CommandLineArgument
            argument = "/Volumes/CodeSSD/PythonSwiftGithub/PyCoreBluetooth/Sources/PyCoreBluetooth/CoreBluetoothExtensions/CBL2CAPChannel.swift"
            isEnabled = "NO">
         </CommandLineArgument>
         <CommandLineArgument
            argument = "/Volumes/CodeSSD/PythonSwiftGithub/PyCoreBluetooth/Sources/PyCoreBluetooth/CoreBluetoothExtensions/CBService.swift"
            isEnabled = "NO">
         </CommandLineArgument>
         <CommandLineArgument
            argument = "/Volumes/CodeSSD/PythonSwiftGithub/PyCamera/Sources/PyCamera/CameraBackend.swift"
            isEnabled = "YES">
         </CommandLineArgument>
         <CommandLineArgument
            argument = "/Volumes/CodeSSD/PythonSwiftGithub/PyCamera/Sources/PyCamera/CameraBase.swift"
            isEnabled = "YES">
         </CommandLineArgument>
         <CommandLineArgument
            argument = "--output /Volumes/CodeSSD/PythonSwiftGithub/PyCamera/src"
            isEnabled = "YES">
         </CommandLineArgument>
      </CommandLineArguments>
   </LaunchAction>
   <ProfileAction
      buildConfiguration = "Release"
      shouldUseLaunchSchemeArgsEnv = "YES"
      savedToolIdentifier = ""
      useCustomWorkingDirectory = "NO"
      debugDocumentVersioning = "YES">
      <BuildableProductRunnable
         runnableDebuggingMode = "0">
         <BuildableReference
            BuildableIdentifier = "primary"
            BlueprintIdentifier = "Generator"
            BuildableName = "Generator"
            BlueprintName = "Generator"
            ReferencedContainer = "container:">
         </BuildableReference>
      </BuildableProductRunnable>
   </ProfileAction>
   <AnalyzeAction
      buildConfiguration = "Debug">
   </AnalyzeAction>
   <ArchiveAction
      buildConfiguration = "Release"
      revealArchiveInOrganizer = "YES">
   </ArchiveAction>
</Scheme>
